
Microsoft Visual Studio Solution File, Format Version 12.00
# Visual Studio 2013
VisualStudioVersion = 12.0.31101.0
MinimumVisualStudioVersion = 10.0.40219.1
Project("{FAE04EC0-301F-11D3-BF4B-00C04F79EFBC}") = "Adaptive.ReactiveTrader.Client.Android", "Adaptive.ReactiveTrader.Client.Android\Adaptive.ReactiveTrader.Client.Android.csproj", "{1939861C-30FB-46B7-8ACA-870F9D04BB62}"
EndProject
Project("{FAE04EC0-301F-11D3-BF4B-00C04F79EFBC}") = "Adaptive.ReactiveTrader.Shared", "Adaptive.ReactiveTrader.Shared\Adaptive.ReactiveTrader.Shared.csproj", "{B954B5A9-ABD0-469B-9397-039675BEC8F0}"
EndProject
Project("{FAE04EC0-301F-11D3-BF4B-00C04F79EFBC}") = "Adaptive.ReactiveTrader.Client.Domain", "Adaptive.ReactiveTrader.Client.Domain\Adaptive.ReactiveTrader.Client.Domain.csproj", "{B6C8FD41-866D-4992-BB11-AD6984C25564}"
EndProject
Project("{FAE04EC0-301F-11D3-BF4B-00C04F79EFBC}") = "Adaptive.ReactiveTrader.Client", "Adaptive.ReactiveTrader.Client\Adaptive.ReactiveTrader.Client.csproj", "{A894C01A-D326-40DF-BABC-0F807EB63A21}"
EndProject
Global
	GlobalSection(SolutionConfigurationPlatforms) = preSolution
		Debug|Any CPU = Debug|Any CPU
		Release|Any CPU = Release|Any CPU
	EndGlobalSection
	GlobalSection(ProjectConfigurationPlatforms) = postSolution
		{1939861C-30FB-46B7-8ACA-870F9D04BB62}.Debug|Any CPU.ActiveCfg = Debug|Any CPU
		{1939861C-30FB-46B7-8ACA-870F9D04BB62}.Debug|Any CPU.Build.0 = Debug|Any CPU
		{1939861C-30FB-46B7-8ACA-870F9D04BB62}.Debug|Any CPU.Deploy.0 = Debug|Any CPU
		{1939861C-30FB-46B7-8ACA-870F9D04BB62}.Release|Any CPU.ActiveCfg = Release|Any CPU
		{1939861C-30FB-46B7-8ACA-870F9D04BB62}.Release|Any CPU.Build.0 = Release|Any CPU
		{1939861C-30FB-46B7-8ACA-870F9D04BB62}.Release|Any CPU.Deploy.0 = Release|Any CPU
		{B954B5A9-ABD0-469B-9397-039675BEC8F0}.Debug|Any CPU.ActiveCfg = Debug|Any CPU
		{B954B5A9-ABD0-469B-9397-039675BEC8F0}.Debug|Any CPU.Build.0 = Debug|Any CPU
		{B954B5A9-ABD0-469B-9397-039675BEC8F0}.Release|Any CPU.ActiveCfg = Release|Any CPU
		{B954B5A9-ABD0-469B-9397-039675BEC8F0}.Release|Any CPU.Build.0 = Release|Any CPU
		{B6C8FD41-866D-4992-BB11-AD6984C25564}.Debug|Any CPU.ActiveCfg = Debug|Any CPU
		{B6C8FD41-866D-4992-BB11-AD6984C25564}.Debug|Any CPU.Build.0 = Debug|Any CPU
		{B6C8FD41-866D-4992-BB11-AD6984C25564}.Release|Any CPU.ActiveCfg = Release|Any CPU
		{B6C8FD41-866D-4992-BB11-AD6984C25564}.Release|Any CPU.Build.0 = Release|Any CPU
		{A894C01A-D326-40DF-BABC-0F807EB63A21}.Debug|Any CPU.ActiveCfg = Debug|Any CPU
		{A894C01A-D326-40DF-BABC-0F807EB63A21}.Debug|Any CPU.Build.0 = Debug|Any CPU
		{A894C01A-D326-40DF-BABC-0F807EB63A21}.Release|Any CPU.ActiveCfg = Release|Any CPU
		{A894C01A-D326-40DF-BABC-0F807EB63A21}.Release|Any CPU.Build.0 = Release|Any CPU
	EndGlobalSection
	GlobalSection(SolutionProperties) = preSolution
		HideSolutionNode = FALSE
	EndGlobalSection
EndGlobal
